
Microsoft Visual Studio Solution File, Format Version 12.00
# Visual Studio Version 16
VisualStudioVersion = 16.0.29418.71
MinimumVisualStudioVersion = 10.0.40219.1
Project("{FAE04EC0-301F-11D3-BF4B-00C04F79EFBC}") = "VPX-VBS-Extractor", "VPX-VBS-Extractor.csproj", "{9B62778B-23FD-4CB6-BAE1-C62464F1C00E}"
EndProject
Global
	GlobalSection(SolutionConfigurationPlatforms) = preSolution
		Debug|Any CPU = Debug|Any CPU
		Release|Any CPU = Release|Any CPU
	EndGlobalSection
	GlobalSection(ProjectConfigurationPlatforms) = postSolution
		{9B62778B-23FD-4CB6-BAE1-C62464F1C00E}.Debug|Any CPU.ActiveCfg = Debug|Any CPU
		{9B62778B-23FD-4CB6-BAE1-C62464F1C00E}.Debug|Any CPU.Build.0 = Debug|Any CPU
		{9B62778B-23FD-4CB6-BAE1-C62464F1C00E}.Release|Any CPU.ActiveCfg = Release|Any CPU
		{9B62778B-23FD-4CB6-BAE1-C62464F1C00E}.Release|Any CPU.Build.0 = Release|Any CPU
	EndGlobalSection
	GlobalSection(SolutionProperties) = preSolution
		HideSolutionNode = FALSE
	EndGlobalSection
	GlobalSection(ExtensibilityGlobals) = postSolution
		SolutionGuid = {4A673BA5-A546-4790-8682-43D8718770C8}
	EndGlobalSection
EndGlobal
